
Microsoft Visual Studio Solution File, Format Version 12.00
# Visual Studio Version 17
VisualStudioVersion = 17.5.33530.505
MinimumVisualStudioVersion = 10.0.40219.1
Project("{FAE04EC0-301F-11D3-BF4B-00C04F79EFBC}") = "HomeApp.UWP", "HomeApp.UWP\HomeApp.UWP.csproj", "{8BE736C6-1776-45CD-9724-4F3BAF3D3664}"
EndProject
Project("{FAE04EC0-301F-11D3-BF4B-00C04F79EFBC}") = "HomeApp.Android", "HomeApp.Android\HomeApp.Android.csproj", "{D8D5AD5D-1B9F-42A8-A9C2-7BFD1C1F8649}"
EndProject
Project("{FAE04EC0-301F-11D3-BF4B-00C04F79EFBC}") = "HomeApp.iOS", "HomeApp.iOS\HomeApp.iOS.csproj", "{742FAE7A-9F68-42FF-BB53-32003FE0C66D}"
EndProject
Project("{FAE04EC0-301F-11D3-BF4B-00C04F79EFBC}") = "HomeApp", "HomeApp\HomeApp.csproj", "{BBBBF094-7777-4FAC-97D1-1DDFB4A44ED8}"
EndProject
Global
	GlobalSection(SolutionConfigurationPlatforms) = preSolution
		Debug|Any CPU = Debug|Any CPU
		Debug|ARM = Debug|ARM
		Debug|iPhone = Debug|iPhone
		Debug|iPhoneSimulator = Debug|iPhoneSimulator
		Debug|x64 = Debug|x64
		Debug|x86 = Debug|x86
		Release|Any CPU = Release|Any CPU
		Release|ARM = Release|ARM
		Release|iPhone = Release|iPhone
		Release|iPhoneSimulator = Release|iPhoneSimulator
		Release|x64 = Release|x64
		Release|x86 = Release|x86
	EndGlobalSection
	GlobalSection(ProjectConfigurationPlatforms) = postSolution
		{8BE736C6-1776-45CD-9724-4F3BAF3D3664}.Debug|Any CPU.ActiveCfg = Debug|x64
		{8BE736C6-1776-45CD-9724-4F3BAF3D3664}.Debug|Any CPU.Build.0 = Debug|x64
		{8BE736C6-1776-45CD-9724-4F3BAF3D3664}.Debug|Any CPU.Deploy.0 = Debug|x64
		{8BE736C6-1776-45CD-9724-4F3BAF3D3664}.Debug|ARM.ActiveCfg = Debug|ARM
		{8BE736C6-1776-45CD-9724-4F3BAF3D3664}.Debug|ARM.Build.0 = Debug|ARM
		{8BE736C6-1776-45CD-9724-4F3BAF3D3664}.Debug|ARM.Deploy.0 = Debug|ARM
		{8BE736C6-1776-45CD-9724-4F3BAF3D3664}.Debug|iPhone.ActiveCfg = Debug|x64
		{8BE736C6-1776-45CD-9724-4F3BAF3D3664}.Debug|iPhone.Build.0 = Debug|x64
		{8BE736C6-1776-45CD-9724-4F3BAF3D3664}.Debug|iPhone.Deploy.0 = Debug|x64
		{8BE736C6-1776-45CD-9724-4F3BAF3D3664}.Debug|iPhoneSimulator.ActiveCfg = Debug|x64
		{8BE736C6-1776-45CD-9724-4F3BAF3D3664}.Debug|iPhoneSimulator.Build.0 = Debug|x64
		{8BE736C6-1776-45CD-9724-4F3BAF3D3664}.Debug|iPhoneSimulator.Deploy.0 = Debug|x64
		{8BE736C6-1776-45CD-9724-4F3BAF3D3664}.Debug|x64.ActiveCfg = Debug|x64
		{8BE736C6-1776-45CD-9724-4F3BAF3D3664}.Debug|x64.Build.0 = Debug|x64
		{8BE736C6-1776-45CD-9724-4F3BAF3D3664}.Debug|x64.Deploy.0 = Debug|x64
		{8BE736C6-1776-45CD-9724-4F3BAF3D3664}.Debug|x86.ActiveCfg = Debug|x86
		{8BE736C6-1776-45CD-9724-4F3BAF3D3664}.Debug|x86.Build.0 = Debug|x86
		{8BE736C6-1776-45CD-9724-4F3BAF3D3664}.Debug|x86.Deploy.0 = Debug|x86
		{8BE736C6-1776-45CD-9724-4F3BAF3D3664}.Release|Any CPU.ActiveCfg = Release|x64
		{8BE736C6-1776-45CD-9724-4F3BAF3D3664}.Release|Any CPU.Build.0 = Release|x64
		{8BE736C6-1776-45CD-9724-4F3BAF3D3664}.Release|Any CPU.Deploy.0 = Release|x64
		{8BE736C6-1776-45CD-9724-4F3BAF3D3664}.Release|ARM.ActiveCfg = Release|ARM
		{8BE736C6-1776-45CD-9724-4F3BAF3D3664}.Release|ARM.Build.0 = Release|ARM
		{8BE736C6-1776-45CD-9724-4F3BAF3D3664}.Release|ARM.Deploy.0 = Release|ARM
		{8BE736C6-1776-45CD-9724-4F3BAF3D3664}.Release|iPhone.ActiveCfg = Release|x64
		{8BE736C6-1776-45CD-9724-4F3BAF3D3664}.Release|iPhone.Build.0 = Release|x64
		{8BE736C6-1776-45CD-9724-4F3BAF3D3664}.Release|iPhone.Deploy.0 = Release|x64
		{8BE736C6-1776-45CD-9724-4F3BAF3D3664}.Release|iPhoneSimulator.ActiveCfg = Release|x64
		{8BE736C6-1776-45CD-9724-4F3BAF3D3664}.Release|iPhoneSimulator.Build.0 = Release|x64
		{8BE736C6-1776-45CD-9724-4F3BAF3D3664}.Release|iPhoneSimulator.Deploy.0 = Release|x64
		{8BE736C6-1776-45CD-9724-4F3BAF3D3664}.Release|x64.ActiveCfg = Release|x64
		{8BE736C6-1776-45CD-9724-4F3BAF3D3664}.Release|x64.Build.0 = Release|x64
		{8BE736C6-1776-45CD-9724-4F3BAF3D3664}.Release|x64.Deploy.0 = Release|x64
		{8BE736C6-1776-45CD-9724-4F3BAF3D3664}.Release|x86.ActiveCfg = Release|x86
		{8BE736C6-1776-45CD-9724-4F3BAF3D3664}.Release|x86.Build.0 = Release|x86
		{8BE736C6-1776-45CD-9724-4F3BAF3D3664}.Release|x86.Deploy.0 = Release|x86
		{D8D5AD5D-1B9F-42A8-A9C2-7BFD1C1F8649}.Debug|Any CPU.ActiveCfg = Debug|Any CPU
		{D8D5AD5D-1B9F-42A8-A9C2-7BFD1C1F8649}.Debug|Any CPU.Build.0 = Debug|Any CPU
		{D8D5AD5D-1B9F-42A8-A9C2-7BFD1C1F8649}.Debug|Any CPU.Deploy.0 = Debug|Any CPU
		{D8D5AD5D-1B9F-42A8-A9C2-7BFD1C1F8649}.Debug|ARM.ActiveCfg = Debug|Any CPU
		{D8D5AD5D-1B9F-42A8-A9C2-7BFD1C1F8649}.Debug|ARM.Build.0 = Debug|Any CPU
		{D8D5AD5D-1B9F-42A8-A9C2-7BFD1C1F8649}.Debug|ARM.Deploy.0 = Debug|Any CPU
		{D8D5AD5D-1B9F-42A8-A9C2-7BFD1C1F8649}.Debug|iPhone.ActiveCfg = Debug|Any CPU
		{D8D5AD5D-1B9F-42A8-A9C2-7BFD1C1F8649}.Debug|iPhone.Build.0 = Debug|Any CPU
		{D8D5AD5D-1B9F-42A8-A9C2-7BFD1C1F8649}.Debug|iPhone.Deploy.0 = Debug|Any CPU
		{D8D5AD5D-1B9F-42A8-A9C2-7BFD1C1F8649}.Debug|iPhoneSimulator.ActiveCfg = Debug|Any CPU
		{D8D5AD5D-1B9F-42A8-A9C2-7BFD1C1F8649}.Debug|iPhoneSimulator.Build.0 = Debug|Any CPU
		{D8D5AD5D-1B9F-42A8-A9C2-7BFD1C1F8649}.Debug|iPhoneSimulator.Deploy.0 = Debug|Any CPU
		{D8D5AD5D-1B9F-42A8-A9C2-7BFD1C1F8649}.Debug|x64.ActiveCfg = Debug|Any CPU
		{D8D5AD5D-1B9F-42A8-A9C2-7BFD1C1F8649}.Debug|x64.Build.0 = Debug|Any CPU
		{D8D5AD5D-1B9F-42A8-A9C2-7BFD1C1F8649}.Debug|x64.Deploy.0 = Debug|Any CPU
		{D8D5AD5D-1B9F-42A8-A9C2-7BFD1C1F8649}.Debug|x86.ActiveCfg = Debug|Any CPU
		{D8D5AD5D-1B9F-42A8-A9C2-7BFD1C1F8649}.Debug|x86.Build.0 = Debug|Any CPU
		{D8D5AD5D-1B9F-42A8-A9C2-7BFD1C1F8649}.Debug|x86.Deploy.0 = Debug|Any CPU
		{D8D5AD5D-1B9F-42A8-A9C2-7BFD1C1F8649}.Release|Any CPU.ActiveCfg = Release|Any CPU
		{D8D5AD5D-1B9F-42A8-A9C2-7BFD1C1F8649}.Release|Any CPU.Build.0 = Release|Any CPU
		{D8D5AD5D-1B9F-42A8-A9C2-7BFD1C1F8649}.Release|Any CPU.Deploy.0 = Release|Any CPU
		{D8D5AD5D-1B9F-42A8-A9C2-7BFD1C1F8649}.Release|ARM.ActiveCfg = Release|Any CPU
		{D8D5AD5D-1B9F-42A8-A9C2-7BFD1C1F8649}.Release|ARM.Build.0 = Release|Any CPU
		{D8D5AD5D-1B9F-42A8-A9C2-7BFD1C1F8649}.Release|ARM.Deploy.0 = Release|Any CPU
		{D8D5AD5D-1B9F-42A8-A9C2-7BFD1C1F8649}.Release|iPhone.ActiveCfg = Release|Any CPU
		{D8D5AD5D-1B9F-42A8-A9C2-7BFD1C1F8649}.Release|iPhone.Build.0 = Release|Any CPU
		{D8D5AD5D-1B9F-42A8-A9C2-7BFD1C1F8649}.Release|iPhone.Deploy.0 = Release|Any CPU
		{D8D5AD5D-1B9F-42A8-A9C2-7BFD1C1F8649}.Release|iPhoneSimulator.ActiveCfg = Release|Any CPU
		{D8D5AD5D-1B9F-42A8-A9C2-7BFD1C1F8649}.Release|iPhoneSimulator.Build.0 = Release|Any CPU
		{D8D5AD5D-1B9F-42A8-A9C2-7BFD1C1F8649}.Release|iPhoneSimulator.Deploy.0 = Release|Any CPU
		{D8D5AD5D-1B9F-42A8-A9C2-7BFD1C1F8649}.Release|x64.ActiveCfg = Release|Any CPU
		{D8D5AD5D-1B9F-42A8-A9C2-7BFD1C1F8649}.Release|x64.Build.0 = Release|Any CPU
		{D8D5AD5D-1B9F-42A8-A9C2-7BFD1C1F8649}.Release|x64.Deploy.0 = Release|Any CPU
		{D8D5AD5D-1B9F-42A8-A9C2-7BFD1C1F8649}.Release|x86.ActiveCfg = Release|Any CPU
		{D8D5AD5D-1B9F-42A8-A9C2-7BFD1C1F8649}.Release|x86.Build.0 = Release|Any CPU
		{D8D5AD5D-1B9F-42A8-A9C2-7BFD1C1F8649}.Release|x86.Deploy.0 = Release|Any CPU
		{742FAE7A-9F68-42FF-BB53-32003FE0C66D}.Debug|Any CPU.ActiveCfg = Debug|iPhoneSimulator
		{742FAE7A-9F68-42FF-BB53-32003FE0C66D}.Debug|Any CPU.Build.0 = Debug|iPhoneSimulator
		{742FAE7A-9F68-42FF-BB53-32003FE0C66D}.Debug|Any CPU.Deploy.0 = Debug|iPhoneSimulator
		{742FAE7A-9F68-42FF-BB53-32003FE0C66D}.Debug|ARM.ActiveCfg = Debug|iPhoneSimulator
		{742FAE7A-9F68-42FF-BB53-32003FE0C66D}.Debug|ARM.Build.0 = Debug|iPhoneSimulator
		{742FAE7A-9F68-42FF-BB53-32003FE0C66D}.Debug|ARM.Deploy.0 = Debug|iPhoneSimulator
		{742FAE7A-9F68-42FF-BB53-32003FE0C66D}.Debug|iPhone.ActiveCfg = Debug|iPhone
		{742FAE7A-9F68-42FF-BB53-32003FE0C66D}.Debug|iPhone.Build.0 = Debug|iPhone
		{742FAE7A-9F68-42FF-BB53-32003FE0C66D}.Debug|iPhone.Deploy.0 = Debug|iPhone
		{742FAE7A-9F68-42FF-BB53-32003FE0C66D}.Debug|iPhoneSimulator.ActiveCfg = Debug|iPhoneSimulator
		{742FAE7A-9F68-42FF-BB53-32003FE0C66D}.Debug|iPhoneSimulator.Build.0 = Debug|iPhoneSimulator
		{742FAE7A-9F68-42FF-BB53-32003FE0C66D}.Debug|iPhoneSimulator.Deploy.0 = Debug|iPhoneSimulator
		{742FAE7A-9F68-42FF-BB53-32003FE0C66D}.Debug|x64.ActiveCfg = Debug|iPhone
		{742FAE7A-9F68-42FF-BB53-32003FE0C66D}.Debug|x64.Build.0 = Debug|iPhone
		{742FAE7A-9F68-42FF-BB53-32003FE0C66D}.Debug|x64.Deploy.0 = Debug|iPhone
		{742FAE7A-9F68-42FF-BB53-32003FE0C66D}.Debug|x86.ActiveCfg = Debug|iPhoneSimulator
		{742FAE7A-9F68-42FF-BB53-32003FE0C66D}.Debug|x86.Build.0 = Debug|iPhoneSimulator
		{742FAE7A-9F68-42FF-BB53-32003FE0C66D}.Debug|x86.Deploy.0 = Debug|iPhoneSimulator
		{742FAE7A-9F68-42FF-BB53-32003FE0C66D}.Release|Any CPU.ActiveCfg = Release|iPhoneSimulator
		{742FAE7A-9F68-42FF-BB53-32003FE0C66D}.Release|Any CPU.Build.0 = Release|iPhoneSimulator
		{742FAE7A-9F68-42FF-BB53-32003FE0C66D}.Release|Any CPU.Deploy.0 = Release|iPhoneSimulator
		{742FAE7A-9F68-42FF-BB53-32003FE0C66D}.Release|ARM.ActiveCfg = Release|iPhoneSimulator
		{742FAE7A-9F68-42FF-BB53-32003FE0C66D}.Release|ARM.Build.0 = Release|iPhoneSimulator
		{742FAE7A-9F68-42FF-BB53-32003FE0C66D}.Release|ARM.Deploy.0 = Release|iPhoneSimulator
		{742FAE7A-9F68-42FF-BB53-32003FE0C66D}.Release|iPhone.ActiveCfg = Release|iPhone
		{742FAE7A-9F68-42FF-BB53-32003FE0C66D}.Release|iPhone.Build.0 = Release|iPhone
		{742FAE7A-9F68-42FF-BB53-32003FE0C66D}.Release|iPhone.Deploy.0 = Release|iPhone
		{742FAE7A-9F68-42FF-BB53-32003FE0C66D}.Release|iPhoneSimulator.ActiveCfg = Release|iPhoneSimulator
		{742FAE7A-9F68-42FF-BB53-32003FE0C66D}.Release|iPhoneSimulator.Build.0 = Release|iPhoneSimulator
		{742FAE7A-9F68-42FF-BB53-32003FE0C66D}.Release|iPhoneSimulator.Deploy.0 = Release|iPhoneSimulator
		{742FAE7A-9F68-42FF-BB53-32003FE0C66D}.Release|x64.ActiveCfg = Release|iPhoneSimulator
		{742FAE7A-9F68-42FF-BB53-32003FE0C66D}.Release|x64.Build.0 = Release|iPhoneSimulator
		{742FAE7A-9F68-42FF-BB53-32003FE0C66D}.Release|x64.Deploy.0 = Release|iPhoneSimulator
		{742FAE7A-9F68-42FF-BB53-32003FE0C66D}.Release|x86.ActiveCfg = Release|iPhoneSimulator
		{742FAE7A-9F68-42FF-BB53-32003FE0C66D}.Release|x86.Build.0 = Release|iPhoneSimulator
		{742FAE7A-9F68-42FF-BB53-32003FE0C66D}.Release|x86.Deploy.0 = Release|iPhoneSimulator
		{BBBBF094-7777-4FAC-97D1-1DDFB4A44ED8}.Debug|Any CPU.ActiveCfg = Debug|Any CPU
		{BBBBF094-7777-4FAC-97D1-1DDFB4A44ED8}.Debug|Any CPU.Build.0 = Debug|Any CPU
		{BBBBF094-7777-4FAC-97D1-1DDFB4A44ED8}.Debug|Any CPU.Deploy.0 = Debug|Any CPU
		{BBBBF094-7777-4FAC-97D1-1DDFB4A44ED8}.Debug|ARM.ActiveCfg = Debug|Any CPU
		{BBBBF094-7777-4FAC-97D1-1DDFB4A44ED8}.Debug|ARM.Build.0 = Debug|Any CPU
		{BBBBF094-7777-4FAC-97D1-1DDFB4A44ED8}.Debug|ARM.Deploy.0 = Debug|Any CPU
		{BBBBF094-7777-4FAC-97D1-1DDFB4A44ED8}.Debug|iPhone.ActiveCfg = Debug|Any CPU
		{BBBBF094-7777-4FAC-97D1-1DDFB4A44ED8}.Debug|iPhone.Build.0 = Debug|Any CPU
		{BBBBF094-7777-4FAC-97D1-1DDFB4A44ED8}.Debug|iPhone.Deploy.0 = Debug|Any CPU
		{BBBBF094-7777-4FAC-97D1-1DDFB4A44ED8}.Debug|iPhoneSimulator.ActiveCfg = Debug|Any CPU
		{BBBBF094-7777-4FAC-97D1-1DDFB4A44ED8}.Debug|iPhoneSimulator.Build.0 = Debug|Any CPU
		{BBBBF094-7777-4FAC-97D1-1DDFB4A44ED8}.Debug|iPhoneSimulator.Deploy.0 = Debug|Any CPU
		{BBBBF094-7777-4FAC-97D1-1DDFB4A44ED8}.Debug|x64.ActiveCfg = Debug|Any CPU
		{BBBBF094-7777-4FAC-97D1-1DDFB4A44ED8}.Debug|x64.Build.0 = Debug|Any CPU
		{BBBBF094-7777-4FAC-97D1-1DDFB4A44ED8}.Debug|x64.Deploy.0 = Debug|Any CPU
		{BBBBF094-7777-4FAC-97D1-1DDFB4A44ED8}.Debug|x86.ActiveCfg = Debug|Any CPU
		{BBBBF094-7777-4FAC-97D1-1DDFB4A44ED8}.Debug|x86.Build.0 = Debug|Any CPU
		{BBBBF094-7777-4FAC-97D1-1DDFB4A44ED8}.Debug|x86.Deploy.0 = Debug|Any CPU
		{BBBBF094-7777-4FAC-97D1-1DDFB4A44ED8}.Release|Any CPU.ActiveCfg = Release|Any CPU
		{BBBBF094-7777-4FAC-97D1-1DDFB4A44ED8}.Release|Any CPU.Build.0 = Release|Any CPU
		{BBBBF094-7777-4FAC-97D1-1DDFB4A44ED8}.Release|Any CPU.Deploy.0 = Release|Any CPU
		{BBBBF094-7777-4FAC-97D1-1DDFB4A44ED8}.Release|ARM.ActiveCfg = Release|Any CPU
		{BBBBF094-7777-4FAC-97D1-1DDFB4A44ED8}.Release|ARM.Build.0 = Release|Any CPU
		{BBBBF094-7777-4FAC-97D1-1DDFB4A44ED8}.Release|ARM.Deploy.0 = Release|Any CPU
		{BBBBF094-7777-4FAC-97D1-1DDFB4A44ED8}.Release|iPhone.ActiveCfg = Release|Any CPU
		{BBBBF094-7777-4FAC-97D1-1DDFB4A44ED8}.Release|iPhone.Build.0 = Release|Any CPU
		{BBBBF094-7777-4FAC-97D1-1DDFB4A44ED8}.Release|iPhone.Deploy.0 = Release|Any CPU
		{BBBBF094-7777-4FAC-97D1-1DDFB4A44ED8}.Release|iPhoneSimulator.ActiveCfg = Release|Any CPU
		{BBBBF094-7777-4FAC-97D1-1DDFB4A44ED8}.Release|iPhoneSimulator.Build.0 = Release|Any CPU
		{BBBBF094-7777-4FAC-97D1-1DDFB4A44ED8}.Release|iPhoneSimulator.Deploy.0 = Release|Any CPU
		{BBBBF094-7777-4FAC-97D1-1DDFB4A44ED8}.Release|x64.ActiveCfg = Release|Any CPU
		{BBBBF094-7777-4FAC-97D1-1DDFB4A44ED8}.Release|x64.Build.0 = Release|Any CPU
		{BBBBF094-7777-4FAC-97D1-1DDFB4A44ED8}.Release|x64.Deploy.0 = Release|Any CPU
		{BBBBF094-7777-4FAC-97D1-1DDFB4A44ED8}.Release|x86.ActiveCfg = Release|Any CPU
		{BBBBF094-7777-4FAC-97D1-1DDFB4A44ED8}.Release|x86.Build.0 = Release|Any CPU
		{BBBBF094-7777-4FAC-97D1-1DDFB4A44ED8}.Release|x86.Deploy.0 = Release|Any CPU
	EndGlobalSection
	GlobalSection(SolutionProperties) = preSolution
		HideSolutionNode = FALSE
	EndGlobalSection
	GlobalSection(ExtensibilityGlobals) = postSolution
		SolutionGuid = {4817459C-D466-4FBF-BA4F-3EAE31B4506F}
	EndGlobalSection
EndGlobal
